
Microsoft Visual Studio Solution File, Format Version 12.00
# Visual Studio Version 16
VisualStudioVersion = 16.0.31129.286
MinimumVisualStudioVersion = 10.0.40219.1
Project("{8BC9CEB8-8B4A-11D0-8D11-00A0C91BC942}") = "OS11_HTAPI", "OS11_HTAPI\OS11_HTAPI.vcxproj", "{DF54401C-59ED-46A6-8317-AEBCDCBC5555}"
EndProject
Project("{8BC9CEB8-8B4A-11D0-8D11-00A0C91BC942}") = "OS11_CREATE", "OS11_CREATE\OS11_CREATE.vcxproj", "{A11D39D8-9397-4E1B-98E9-039498AC3EA1}"
EndProject
Project("{8BC9CEB8-8B4A-11D0-8D11-00A0C91BC942}") = "OS11_START", "OS11_START\OS11_START.vcxproj", "{7A6B5119-1694-4606-BA1E-B8BF20299604}"
EndProject
Project("{8BC9CEB8-8B4A-11D0-8D11-00A0C91BC942}") = "OS11_02", "OS11_02\OS11_02.vcxproj", "{E39D9965-4181-493B-A626-DFFE560DBEE0}"
EndProject
Project("{8BC9CEB8-8B4A-11D0-8D11-00A0C91BC942}") = "OS11_03", "OS11_03\OS11_03.vcxproj", "{1EB0381D-5B33-4F06-8FED-5EC1C7D0A664}"
EndProject
Project("{8BC9CEB8-8B4A-11D0-8D11-00A0C91BC942}") = "OS11_04", "OS11_04\OS11_04.vcxproj", "{D83E7FE8-2766-4171-A63B-1CABBA091593}"
EndProject
Global
	GlobalSection(SolutionConfigurationPlatforms) = preSolution
		Debug|x64 = Debug|x64
		Debug|x86 = Debug|x86
		Release|x64 = Release|x64
		Release|x86 = Release|x86
	EndGlobalSection
	GlobalSection(ProjectConfigurationPlatforms) = postSolution
		{DF54401C-59ED-46A6-8317-AEBCDCBC5555}.Debug|x64.ActiveCfg = Debug|x64
		{DF54401C-59ED-46A6-8317-AEBCDCBC5555}.Debug|x64.Build.0 = Debug|x64
		{DF54401C-59ED-46A6-8317-AEBCDCBC5555}.Debug|x86.ActiveCfg = Debug|Win32
		{DF54401C-59ED-46A6-8317-AEBCDCBC5555}.Debug|x86.Build.0 = Debug|Win32
		{DF54401C-59ED-46A6-8317-AEBCDCBC5555}.Release|x64.ActiveCfg = Release|x64
		{DF54401C-59ED-46A6-8317-AEBCDCBC5555}.Release|x64.Build.0 = Release|x64
		{DF54401C-59ED-46A6-8317-AEBCDCBC5555}.Release|x86.ActiveCfg = Release|Win32
		{DF54401C-59ED-46A6-8317-AEBCDCBC5555}.Release|x86.Build.0 = Release|Win32
		{A11D39D8-9397-4E1B-98E9-039498AC3EA1}.Debug|x64.ActiveCfg = Debug|x64
		{A11D39D8-9397-4E1B-98E9-039498AC3EA1}.Debug|x64.Build.0 = Debug|x64
		{A11D39D8-9397-4E1B-98E9-039498AC3EA1}.Debug|x86.ActiveCfg = Debug|Win32
		{A11D39D8-9397-4E1B-98E9-039498AC3EA1}.Debug|x86.Build.0 = Debug|Win32
		{A11D39D8-9397-4E1B-98E9-039498AC3EA1}.Release|x64.ActiveCfg = Release|x64
		{A11D39D8-9397-4E1B-98E9-039498AC3EA1}.Release|x64.Build.0 = Release|x64
		{A11D39D8-9397-4E1B-98E9-039498AC3EA1}.Release|x86.ActiveCfg = Release|Win32
		{A11D39D8-9397-4E1B-98E9-039498AC3EA1}.Release|x86.Build.0 = Release|Win32
		{7A6B5119-1694-4606-BA1E-B8BF20299604}.Debug|x64.ActiveCfg = Debug|x64
		{7A6B5119-1694-4606-BA1E-B8BF20299604}.Debug|x64.Build.0 = Debug|x64
		{7A6B5119-1694-4606-BA1E-B8BF20299604}.Debug|x86.ActiveCfg = Debug|Win32
		{7A6B5119-1694-4606-BA1E-B8BF20299604}.Debug|x86.Build.0 = Debug|Win32
		{7A6B5119-1694-4606-BA1E-B8BF20299604}.Release|x64.ActiveCfg = Release|x64
		{7A6B5119-1694-4606-BA1E-B8BF20299604}.Release|x64.Build.0 = Release|x64
		{7A6B5119-1694-4606-BA1E-B8BF20299604}.Release|x86.ActiveCfg = Release|Win32
		{7A6B5119-1694-4606-BA1E-B8BF20299604}.Release|x86.Build.0 = Release|Win32
		{E39D9965-4181-493B-A626-DFFE560DBEE0}.Debug|x64.ActiveCfg = Debug|x64
		{E39D9965-4181-493B-A626-DFFE560DBEE0}.Debug|x64.Build.0 = Debug|x64
		{E39D9965-4181-493B-A626-DFFE560DBEE0}.Debug|x86.ActiveCfg = Debug|Win32
		{E39D9965-4181-493B-A626-DFFE560DBEE0}.Debug|x86.Build.0 = Debug|Win32
		{E39D9965-4181-493B-A626-DFFE560DBEE0}.Release|x64.ActiveCfg = Release|x64
		{E39D9965-4181-493B-A626-DFFE560DBEE0}.Release|x64.Build.0 = Release|x64
		{E39D9965-4181-493B-A626-DFFE560DBEE0}.Release|x86.ActiveCfg = Release|Win32
		{E39D9965-4181-493B-A626-DFFE560DBEE0}.Release|x86.Build.0 = Release|Win32
		{1EB0381D-5B33-4F06-8FED-5EC1C7D0A664}.Debug|x64.ActiveCfg = Debug|x64
		{1EB0381D-5B33-4F06-8FED-5EC1C7D0A664}.Debug|x64.Build.0 = Debug|x64
		{1EB0381D-5B33-4F06-8FED-5EC1C7D0A664}.Debug|x86.ActiveCfg = Debug|Win32
		{1EB0381D-5B33-4F06-8FED-5EC1C7D0A664}.Debug|x86.Build.0 = Debug|Win32
		{1EB0381D-5B33-4F06-8FED-5EC1C7D0A664}.Release|x64.ActiveCfg = Release|x64
		{1EB0381D-5B33-4F06-8FED-5EC1C7D0A664}.Release|x64.Build.0 = Release|x64
		{1EB0381D-5B33-4F06-8FED-5EC1C7D0A664}.Release|x86.ActiveCfg = Release|Win32
		{1EB0381D-5B33-4F06-8FED-5EC1C7D0A664}.Release|x86.Build.0 = Release|Win32
		{D83E7FE8-2766-4171-A63B-1CABBA091593}.Debug|x64.ActiveCfg = Debug|x64
		{D83E7FE8-2766-4171-A63B-1CABBA091593}.Debug|x64.Build.0 = Debug|x64
		{D83E7FE8-2766-4171-A63B-1CABBA091593}.Debug|x86.ActiveCfg = Debug|Win32
		{D83E7FE8-2766-4171-A63B-1CABBA091593}.Debug|x86.Build.0 = Debug|Win32
		{D83E7FE8-2766-4171-A63B-1CABBA091593}.Release|x64.ActiveCfg = Release|x64
		{D83E7FE8-2766-4171-A63B-1CABBA091593}.Release|x64.Build.0 = Release|x64
		{D83E7FE8-2766-4171-A63B-1CABBA091593}.Release|x86.ActiveCfg = Release|Win32
		{D83E7FE8-2766-4171-A63B-1CABBA091593}.Release|x86.Build.0 = Release|Win32
	EndGlobalSection
	GlobalSection(SolutionProperties) = preSolution
		HideSolutionNode = FALSE
	EndGlobalSection
	GlobalSection(ExtensibilityGlobals) = postSolution
		SolutionGuid = {D0C38A14-3B2F-4E03-A876-0BB8D6CFA91F}
	EndGlobalSection
EndGlobal
